// !$*UTF8*$!
{
	archiveVersion = 1;
	classes = {
	};
	objectVersion = 46;
	objects = {

/* Begin PBXBuildFile section */
		7D05855A1BD3370D009FDFFC /* AppDelegate.swift in Sources */ = {isa = PBXBuildFile; fileRef = 7D0585591BD3370D009FDFFC /* AppDelegate.swift */; };
		7D05855F1BD3370D009FDFFC /* Main.storyboard in Resources */ = {isa = PBXBuildFile; fileRef = 7D05855D1BD3370D009FDFFC /* Main.storyboard */; };
		7D0585611BD3370D009FDFFC /* Images.xcassets in Resources */ = {isa = PBXBuildFile; fileRef = 7D0585601BD3370D009FDFFC /* Images.xcassets */; };
		7D0585641BD3370D009FDFFC /* LaunchScreen.xib in Resources */ = {isa = PBXBuildFile; fileRef = 7D0585621BD3370D009FDFFC /* LaunchScreen.xib */; };
		7D0585701BD3370D009FDFFC /* Project2Tests.swift in Sources */ = {isa = PBXBuildFile; fileRef = 7D05856F1BD3370D009FDFFC /* Project2Tests.swift */; };
		7D05857A1BD337E0009FDFFC /* CoreLocation.framework in Frameworks */ = {isa = PBXBuildFile; fileRef = 7D0585791BD337E0009FDFFC /* CoreLocation.framework */; };
		7D05857C1BD337E7009FDFFC /* MapKit.framework in Frameworks */ = {isa = PBXBuildFile; fileRef = 7D05857B1BD337E7009FDFFC /* MapKit.framework */; };
		7D05857E1BD33843009FDFFC /* MainViewController.swift in Sources */ = {isa = PBXBuildFile; fileRef = 7D05857D1BD33843009FDFFC /* MainViewController.swift */; };
		7D0585801BD338B1009FDFFC /* MapViewController.swift in Sources */ = {isa = PBXBuildFile; fileRef = 7D05857F1BD338B1009FDFFC /* MapViewController.swift */; };
/* End PBXBuildFile section */

/* Begin PBXContainerItemProxy section */
		7D05856A1BD3370D009FDFFC /* PBXContainerItemProxy */ = {
			isa = PBXContainerItemProxy;
			containerPortal = 7D05854C1BD3370C009FDFFC /* Project object */;
			proxyType = 1;
			remoteGlobalIDString = 7D0585531BD3370C009FDFFC;
			remoteInfo = Project2;
		};
/* End PBXContainerItemProxy section */

/* Begin PBXFileReference section */
		7D0585541BD3370D009FDFFC /* Project2.app */ = {isa = PBXFileReference; explicitFileType = wrapper.application; includeInIndex = 0; path = Project2.app; sourceTree = BUILT_PRODUCTS_DIR; };
		7D0585581BD3370D009FDFFC /* Info.plist */ = {isa = PBXFileReference; lastKnownFileType = text.plist.xml; path = Info.plist; sourceTree = "<group>"; };
		7D0585591BD3370D009FDFFC /* AppDelegate.swift */ = {isa = PBXFileReference; lastKnownFileType = sourcecode.swift; path = AppDelegate.swift; sourceTree = "<group>"; };
		7D05855E1BD3370D009FDFFC /* Base */ = {isa = PBXFileReference; lastKnownFileType = file.storyboard; name = Base; path = Base.lproj/Main.storyboard; sourceTree = "<group>"; };
		7D0585601BD3370D009FDFFC /* Images.xcassets */ = {isa = PBXFileReference; lastKnownFileType = folder.assetcatalog; path = Images.xcassets; sourceTree = "<group>"; };
		7D0585631BD3370D009FDFFC /* Base */ = {isa = PBXFileReference; lastKnownFileType = file.xib; name = Base; path = Base.lproj/LaunchScreen.xib; sourceTree = "<group>"; };
		7D0585691BD3370D009FDFFC /* Project2Tests.xctest */ = {isa = PBXFileReference; explicitFileType = wrapper.cfbundle; includeInIndex = 0; path = Project2Tests.xctest; sourceTree = BUILT_PRODUCTS_DIR; };
		7D05856E1BD3370D009FDFFC /* Info.plist */ = {isa = PBXFileReference; lastKnownFileType = text.plist.xml; path = Info.plist; sourceTree = "<group>"; };
		7D05856F1BD3370D009FDFFC /* Project2Tests.swift */ = {isa = PBXFileReference; lastKnownFileType = sourcecode.swift; path = Project2Tests.swift; sourceTree = "<group>"; };
		7D0585791BD337E0009FDFFC /* CoreLocation.framework */ = {isa = PBXFileReference; lastKnownFileType = wrapper.framework; name = CoreLocation.framework; path = System/Library/Frameworks/CoreLocation.framework; sourceTree = SDKROOT; };
		7D05857B1BD337E7009FDFFC /* MapKit.framework */ = {isa = PBXFileReference; lastKnownFileType = wrapper.framework; name = MapKit.framework; path = System/Library/Frameworks/MapKit.framework; sourceTree = SDKROOT; };
		7D05857D1BD33843009FDFFC /* MainViewController.swift */ = {isa = PBXFileReference; fileEncoding = 4; lastKnownFileType = sourcecode.swift; path = MainViewController.swift; sourceTree = "<group>"; };
		7D05857F1BD338B1009FDFFC /* MapViewController.swift */ = {isa = PBXFileReference; fileEncoding = 4; lastKnownFileType = sourcecode.swift; path = MapViewController.swift; sourceTree = "<group>"; };
/* End PBXFileReference section */

/* Begin PBXFrameworksBuildPhase section */
		7D0585511BD3370C009FDFFC /* Frameworks */ = {
			isa = PBXFrameworksBuildPhase;
			buildActionMask = 2147483647;
			files = (
				7D05857C1BD337E7009FDFFC /* MapKit.framework in Frameworks */,
				7D05857A1BD337E0009FDFFC /* CoreLocation.framework in Frameworks */,
			);
			runOnlyForDeploymentPostprocessing = 0;
		};
		7D0585661BD3370D009FDFFC /* Frameworks */ = {
			isa = PBXFrameworksBuildPhase;
			buildActionMask = 2147483647;
			files = (
			);
			runOnlyForDeploymentPostprocessing = 0;
		};
/* End PBXFrameworksBuildPhase section */

/* Begin PBXGroup section */
		7D05854B1BD3370C009FDFFC = {
			isa = PBXGroup;
			children = (
				7D05857B1BD337E7009FDFFC /* MapKit.framework */,
				7D0585791BD337E0009FDFFC /* CoreLocation.framework */,
				7D0585561BD3370D009FDFFC /* Project2 */,
				7D05856C1BD3370D009FDFFC /* Project2Tests */,
				7D0585551BD3370D009FDFFC /* Products */,
			);
			sourceTree = "<group>";
		};
		7D0585551BD3370D009FDFFC /* Products */ = {
			isa = PBXGroup;
			children = (
				7D0585541BD3370D009FDFFC /* Project2.app */,
				7D0585691BD3370D009FDFFC /* Project2Tests.xctest */,
			);
			name = Products;
			sourceTree = "<group>";
		};
		7D0585561BD3370D009FDFFC /* Project2 */ = {
			isa = PBXGroup;
			children = (
				7D0585591BD3370D009FDFFC /* AppDelegate.swift */,
				7D05855D1BD3370D009FDFFC /* Main.storyboard */,
				7D0585601BD3370D009FDFFC /* Images.xcassets */,
				7D0585621BD3370D009FDFFC /* LaunchScreen.xib */,
				7D0585571BD3370D009FDFFC /* Supporting Files */,
				7D05857D1BD33843009FDFFC /* MainViewController.swift */,
				7D05857F1BD338B1009FDFFC /* MapViewController.swift */,
			);
			path = Project2;
			sourceTree = "<group>";
		};
		7D0585571BD3370D009FDFFC /* Supporting Files */ = {
			isa = PBXGroup;
			children = (
				7D0585581BD3370D009FDFFC /* Info.plist */,
			);
			name = "Supporting Files";
			sourceTree = "<group>";
		};
		7D05856C1BD3370D009FDFFC /* Project2Tests */ = {
			isa = PBXGroup;
			children = (
				7D05856F1BD3370D009FDFFC /* Project2Tests.swift */,
				7D05856D1BD3370D009FDFFC /* Supporting Files */,
			);
			path = Project2Tests;
			sourceTree = "<group>";
		};
		7D05856D1BD3370D009FDFFC /* Supporting Files */ = {
			isa = PBXGroup;
			children = (
				7D05856E1BD3370D009FDFFC /* Info.plist */,
			);
			name = "Supporting Files";
			sourceTree = "<group>";
		};
/* End PBXGroup section */

/* Begin PBXNativeTarget section */
		7D0585531BD3370C009FDFFC /* Project2 */ = {
			isa = PBXNativeTarget;
			buildConfigurationList = 7D0585731BD3370D009FDFFC /* Build configuration list for PBXNativeTarget "Project2" */;
			buildPhases = (
				7D0585501BD3370C009FDFFC /* Sources */,
				7D0585511BD3370C009FDFFC /* Frameworks */,
				7D0585521BD3370C009FDFFC /* Resources */,
			);
			buildRules = (
			);
			dependencies = (
			);
			name = Project2;
			productName = Project2;
			productReference = 7D0585541BD3370D009FDFFC /* Project2.app */;
			productType = "com.apple.product-type.application";
		};
		7D0585681BD3370D009FDFFC /* Project2Tests */ = {
			isa = PBXNativeTarget;
			buildConfigurationList = 7D0585761BD3370D009FDFFC /* Build configuration list for PBXNativeTarget "Project2Tests" */;
			buildPhases = (
				7D0585651BD3370D009FDFFC /* Sources */,
				7D0585661BD3370D009FDFFC /* Frameworks */,
				7D0585671BD3370D009FDFFC /* Resources */,
			);
			buildRules = (
			);
			dependencies = (
				7D05856B1BD3370D009FDFFC /* PBXTargetDependency */,
			);
			name = Project2Tests;
			productName = Project2Tests;
			productReference = 7D0585691BD3370D009FDFFC /* Project2Tests.xctest */;
			productType = "com.apple.product-type.bundle.unit-test";
		};
/* End PBXNativeTarget section */

/* Begin PBXProject section */
		7D05854C1BD3370C009FDFFC /* Project object */ = {
			isa = PBXProject;
			attributes = {
				LastUpgradeCheck = 0640;
				ORGANIZATIONNAME = Albarian;
				TargetAttributes = {
					7D0585531BD3370C009FDFFC = {
						CreatedOnToolsVersion = 6.4;
					};
					7D0585681BD3370D009FDFFC = {
						CreatedOnToolsVersion = 6.4;
						TestTargetID = 7D0585531BD3370C009FDFFC;
					};
				};
			};
			buildConfigurationList = 7D05854F1BD3370C009FDFFC /* Build configuration list for PBXProject "Project2" */;
			compatibilityVersion = "Xcode 3.2";
			developmentRegion = English;
			hasScannedForEncodings = 0;
			knownRegions = (
				en,
				Base,
			);
			mainGroup = 7D05854B1BD3370C009FDFFC;
			productRefGroup = 7D0585551BD3370D009FDFFC /* Products */;
			projectDirPath = "";
			projectRoot = "";
			targets = (
				7D0585531BD3370C009FDFFC /* Project2 */,
				7D0585681BD3370D009FDFFC /* Project2Tests */,
			);
		};
/* End PBXProject section */

/* Begin PBXResourcesBuildPhase section */
		7D0585521BD3370C009FDFFC /* Resources */ = {
			isa = PBXResourcesBuildPhase;
			buildActionMask = 2147483647;
			files = (
				7D05855F1BD3370D009FDFFC /* Main.storyboard in Resources */,
				7D0585641BD3370D009FDFFC /* LaunchScreen.xib in Resources */,
				7D0585611BD3370D009FDFFC /* Images.xcassets in Resources */,
			);
			runOnlyForDeploymentPostprocessing = 0;
		};
		7D0585671BD3370D009FDFFC /* Resources */ = {
			isa = PBXResourcesBuildPhase;
			buildActionMask = 2147483647;
			files = (
			);
			runOnlyForDeploymentPostprocessing = 0;
		};
/* End PBXResourcesBuildPhase section */

/* Begin PBXSourcesBuildPhase section */
		7D0585501BD3370C009FDFFC /* Sources */ = {
			isa = PBXSourcesBuildPhase;
			buildActionMask = 2147483647;
			files = (
				7D05855A1BD3370D009FDFFC /* AppDelegate.swift in Sources */,
				7D0585801BD338B1009FDFFC /* MapViewController.swift in Sources */,
				7D05857E1BD33843009FDFFC /* MainViewController.swift in Sources */,
			);
			runOnlyForDeploymentPostprocessing = 0;
		};
		7D0585651BD3370D009FDFFC /* Sources */ = {
			isa = PBXSourcesBuildPhase;
			buildActionMask = 2147483647;
			files = (
				7D0585701BD3370D009FDFFC /* Project2Tests.swift in Sources */,
			);
			runOnlyForDeploymentPostprocessing = 0;
		};
/* End PBXSourcesBuildPhase section */

/* Begin PBXTargetDependency section */
		7D05856B1BD3370D009FDFFC /* PBXTargetDependency */ = {
			isa = PBXTargetDependency;
			target = 7D0585531BD3370C009FDFFC /* Project2 */;
			targetProxy = 7D05856A1BD3370D009FDFFC /* PBXContainerItemProxy */;
		};
/* End PBXTargetDependency section */

/* Begin PBXVariantGroup section */
		7D05855D1BD3370D009FDFFC /* Main.storyboard */ = {
			isa = PBXVariantGroup;
			children = (
				7D05855E1BD3370D009FDFFC /* Base */,
			);
			name = Main.storyboard;
			sourceTree = "<group>";
		};
		7D0585621BD3370D009FDFFC /* LaunchScreen.xib */ = {
			isa = PBXVariantGroup;
			children = (
				7D0585631BD3370D009FDFFC /* Base */,
			);
			name = LaunchScreen.xib;
			sourceTree = "<group>";
		};
/* End PBXVariantGroup section */

/* Begin XCBuildConfiguration section */
		7D0585711BD3370D009FDFFC /* Debug */ = {
			isa = XCBuildConfiguration;
			buildSettings = {
				ALWAYS_SEARCH_USER_PATHS = NO;
				CLANG_CXX_LANGUAGE_STANDARD = "gnu++0x";
				CLANG_CXX_LIBRARY = "libc++";
				CLANG_ENABLE_MODULES = YES;
				CLANG_ENABLE_OBJC_ARC = YES;
				CLANG_WARN_BOOL_CONVERSION = YES;
				CLANG_WARN_CONSTANT_CONVERSION = YES;
				CLANG_WARN_DIRECT_OBJC_ISA_USAGE = YES_ERROR;
				CLANG_WARN_EMPTY_BODY = YES;
				CLANG_WARN_ENUM_CONVERSION = YES;
				CLANG_WARN_INT_CONVERSION = YES;
				CLANG_WARN_OBJC_ROOT_CLASS = YES_ERROR;
				CLANG_WARN_UNREACHABLE_CODE = YES;
				CLANG_WARN__DUPLICATE_METHOD_MATCH = YES;
				"CODE_SIGN_IDENTITY[sdk=iphoneos*]" = "iPhone Developer";
				COPY_PHASE_STRIP = NO;
				DEBUG_INFORMATION_FORMAT = "dwarf-with-dsym";
				ENABLE_STRICT_OBJC_MSGSEND = YES;
				GCC_C_LANGUAGE_STANDARD = gnu99;
				GCC_DYNAMIC_NO_PIC = NO;
				GCC_NO_COMMON_BLOCKS = YES;
				GCC_OPTIMIZATION_LEVEL = 0;
				GCC_PREPROCESSOR_DEFINITIONS = (
					"DEBUG=1",
					"$(inherited)",
				);
				GCC_SYMBOLS_PRIVATE_EXTERN = NO;
				GCC_WARN_64_TO_32_BIT_CONVERSION = YES;
				GCC_WARN_ABOUT_RETURN_TYPE = YES_ERROR;
				GCC_WARN_UNDECLARED_SELECTOR = YES;
				GCC_WARN_UNINITIALIZED_AUTOS = YES_AGGRESSIVE;
				GCC_WARN_UNUSED_FUNCTION = YES;
				GCC_WARN_UNUSED_VARIABLE = YES;
				IPHONEOS_DEPLOYMENT_TARGET = 8.4;
				MTL_ENABLE_DEBUG_INFO = YES;
				ONLY_ACTIVE_ARCH = YES;
				SDKROOT = iphoneos;
				SWIFT_OPTIMIZATION_LEVEL = "-Onone";
			};
			name = Debug;
		};
		7D0585721BD3370D009FDFFC /* Release */ = {
			isa = XCBuildConfiguration;
			buildSettings = {
				ALWAYS_SEARCH_USER_PATHS = NO;
				CLANG_CXX_LANGUAGE_STANDARD = "gnu++0x";
				CLANG_CXX_LIBRARY = "libc++";
				CLANG_ENABLE_MODULES = YES;
				CLANG_ENABLE_OBJC_ARC = YES;
				CLANG_WARN_BOOL_CONVERSION = YES;
				CLANG_WARN_CONSTANT_CONVERSION = YES;
				CLANG_WARN_DIRECT_OBJC_ISA_USAGE = YES_ERROR;
				CLANG_WARN_EMPTY_BODY = YES;
				CLANG_WARN_ENUM_CONVERSION = YES;
				CLANG_WARN_INT_CONVERSION = YES;
				CLANG_WARN_OBJC_ROOT_CLASS = YES_ERROR;
				CLANG_WARN_UNREACHABLE_CODE = YES;
				CLANG_WARN__DUPLICATE_METHOD_MATCH = YES;
				"CODE_SIGN_IDENTITY[sdk=iphoneos*]" = "iPhone Developer";
				COPY_PHASE_STRIP = NO;
				DEBUG_INFORMATION_FORMAT = "dwarf-with-dsym";
				ENABLE_NS_ASSERTIONS = NO;
				ENABLE_STRICT_OBJC_MSGSEND = YES;
				GCC_C_LANGUAGE_STANDARD = gnu99;
				GCC_NO_COMMON_BLOCKS = YES;
				GCC_WARN_64_TO_32_BIT_CONVERSION = YES;
				GCC_WARN_ABOUT_RETURN_TYPE = YES_ERROR;
				GCC_WARN_UNDECLARED_SELECTOR = YES;
				GCC_WARN_UNINITIALIZED_AUTOS = YES_AGGRESSIVE;
				GCC_WARN_UNUSED_FUNCTION = YES;
				GCC_WARN_UNUSED_VARIABLE = YES;
				IPHONEOS_DEPLOYMENT_TARGET = 8.4;
				MTL_ENABLE_DEBUG_INFO = NO;
				SDKROOT = iphoneos;
				VALIDATE_PRODUCT = YES;
			};
			name = Release;
		};
		7D0585741BD3370D009FDFFC /* Debug */ = {
			isa = XCBuildConfiguration;
			buildSettings = {
				ASSETCATALOG_COMPILER_APPICON_NAME = AppIcon;
				INFOPLIST_FILE = Project2/Info.plist;
				LD_RUNPATH_SEARCH_PATHS = "$(inherited) @executable_path/Frameworks";
				PRODUCT_NAME = "$(TARGET_NAME)";
			};
			name = Debug;
		};
		7D0585751BD3370D009FDFFC /* Release */ = {
			isa = XCBuildConfiguration;
			buildSettings = {
				ASSETCATALOG_COMPILER_APPICON_NAME = AppIcon;
				INFOPLIST_FILE = Project2/Info.plist;
				LD_RUNPATH_SEARCH_PATHS = "$(inherited) @executable_path/Frameworks";
				PRODUCT_NAME = "$(TARGET_NAME)";
			};
			name = Release;
		};
		7D0585771BD3370D009FDFFC /* Debug */ = {
			isa = XCBuildConfiguration;
			buildSettings = {
				BUNDLE_LOADER = "$(TEST_HOST)";
				FRAMEWORK_SEARCH_PATHS = (
					"$(SDKROOT)/Developer/Library/Frameworks",
					"$(inherited)",
				);
				GCC_PREPROCESSOR_DEFINITIONS = (
					"DEBUG=1",
					"$(inherited)",
				);
				INFOPLIST_FILE = Project2Tests/Info.plist;
				LD_RUNPATH_SEARCH_PATHS = "$(inherited) @executable_path/Frameworks @loader_path/Frameworks";
				PRODUCT_NAME = "$(TARGET_NAME)";
				TEST_HOST = "$(BUILT_PRODUCTS_DIR)/Project2.app/Project2";
			};
			name = Debug;
		};
		7D0585781BD3370D009FDFFC /* Release */ = {
			isa = XCBuildConfiguration;
			buildSettings = {
				BUNDLE_LOADER = "$(TEST_HOST)";
				FRAMEWORK_SEARCH_PATHS = (
					"$(SDKROOT)/Developer/Library/Frameworks",
					"$(inherited)",
				);
				INFOPLIST_FILE = Project2Tests/Info.plist;
				LD_RUNPATH_SEARCH_PATHS = "$(inherited) @executable_path/Frameworks @loader_path/Frameworks";
				PRODUCT_NAME = "$(TARGET_NAME)";
				TEST_HOST = "$(BUILT_PRODUCTS_DIR)/Project2.app/Project2";
			};
			name = Release;
		};
/* End XCBuildConfiguration section */

/* Begin XCConfigurationList section */
		7D05854F1BD3370C009FDFFC /* Build configuration list for PBXProject "Project2" */ = {
			isa = XCConfigurationList;
			buildConfigurations = (
				7D0585711BD3370D009FDFFC /* Debug */,
				7D0585721BD3370D009FDFFC /* Release */,
			);
			defaultConfigurationIsVisible = 0;
			defaultConfigurationName = Release;
		};
		7D0585731BD3370D009FDFFC /* Build configuration list for PBXNativeTarget "Project2" */ = {
			isa = XCConfigurationList;
			buildConfigurations = (
				7D0585741BD3370D009FDFFC /* Debug */,
				7D0585751BD3370D009FDFFC /* Release */,
			);
			defaultConfigurationIsVisible = 0;
		};
		7D0585761BD3370D009FDFFC /* Build configuration list for PBXNativeTarget "Project2Tests" */ = {
			isa = XCConfigurationList;
			buildConfigurations = (
				7D0585771BD3370D009FDFFC /* Debug */,
				7D0585781BD3370D009FDFFC /* Release */,
			);
			defaultConfigurationIsVisible = 0;
		};
/* End XCConfigurationList section */
	};
	rootObject = 7D05854C1BD3370C009FDFFC /* Project object */;
}
