// !$*UTF8*$!
{
	archiveVersion = 1;
	classes = {
	};
	objectVersion = 46;
	objects = {

/* Begin PBXBuildFile section */
		7D9407FD1BAB848C00BE5505 /* AppDelegate.swift in Sources */ = {isa = PBXBuildFile; fileRef = 7D9407FC1BAB848C00BE5505 /* AppDelegate.swift */; };
		7D9407FF1BAB848C00BE5505 /* ViewController.swift in Sources */ = {isa = PBXBuildFile; fileRef = 7D9407FE1BAB848C00BE5505 /* ViewController.swift */; };
		7D9408021BAB848D00BE5505 /* Main.storyboard in Resources */ = {isa = PBXBuildFile; fileRef = 7D9408001BAB848D00BE5505 /* Main.storyboard */; };
		7D9408041BAB848D00BE5505 /* Images.xcassets in Resources */ = {isa = PBXBuildFile; fileRef = 7D9408031BAB848D00BE5505 /* Images.xcassets */; };
		7D9408071BAB848D00BE5505 /* LaunchScreen.xib in Resources */ = {isa = PBXBuildFile; fileRef = 7D9408051BAB848D00BE5505 /* LaunchScreen.xib */; };
		7D9408131BAB848D00BE5505 /* Hello_WorldTests.swift in Sources */ = {isa = PBXBuildFile; fileRef = 7D9408121BAB848D00BE5505 /* Hello_WorldTests.swift */; };
/* End PBXBuildFile section */

/* Begin PBXContainerItemProxy section */
		7D94080D1BAB848D00BE5505 /* PBXContainerItemProxy */ = {
			isa = PBXContainerItemProxy;
			containerPortal = 7D9407EF1BAB848C00BE5505 /* Project object */;
			proxyType = 1;
			remoteGlobalIDString = 7D9407F61BAB848C00BE5505;
			remoteInfo = "Hello World";
		};
/* End PBXContainerItemProxy section */

/* Begin PBXFileReference section */
		7D9407F71BAB848C00BE5505 /* Hello World.app */ = {isa = PBXFileReference; explicitFileType = wrapper.application; includeInIndex = 0; path = "Hello World.app"; sourceTree = BUILT_PRODUCTS_DIR; };
		7D9407FB1BAB848C00BE5505 /* Info.plist */ = {isa = PBXFileReference; lastKnownFileType = text.plist.xml; path = Info.plist; sourceTree = "<group>"; };
		7D9407FC1BAB848C00BE5505 /* AppDelegate.swift */ = {isa = PBXFileReference; lastKnownFileType = sourcecode.swift; path = AppDelegate.swift; sourceTree = "<group>"; };
		7D9407FE1BAB848C00BE5505 /* ViewController.swift */ = {isa = PBXFileReference; lastKnownFileType = sourcecode.swift; path = ViewController.swift; sourceTree = "<group>"; };
		7D9408011BAB848D00BE5505 /* Base */ = {isa = PBXFileReference; lastKnownFileType = file.storyboard; name = Base; path = Base.lproj/Main.storyboard; sourceTree = "<group>"; };
		7D9408031BAB848D00BE5505 /* Images.xcassets */ = {isa = PBXFileReference; lastKnownFileType = folder.assetcatalog; path = Images.xcassets; sourceTree = "<group>"; };
		7D9408061BAB848D00BE5505 /* Base */ = {isa = PBXFileReference; lastKnownFileType = file.xib; name = Base; path = Base.lproj/LaunchScreen.xib; sourceTree = "<group>"; };
		7D94080C1BAB848D00BE5505 /* Hello WorldTests.xctest */ = {isa = PBXFileReference; explicitFileType = wrapper.cfbundle; includeInIndex = 0; path = "Hello WorldTests.xctest"; sourceTree = BUILT_PRODUCTS_DIR; };
		7D9408111BAB848D00BE5505 /* Info.plist */ = {isa = PBXFileReference; lastKnownFileType = text.plist.xml; path = Info.plist; sourceTree = "<group>"; };
		7D9408121BAB848D00BE5505 /* Hello_WorldTests.swift */ = {isa = PBXFileReference; lastKnownFileType = sourcecode.swift; path = Hello_WorldTests.swift; sourceTree = "<group>"; };
/* End PBXFileReference section */

/* Begin PBXFrameworksBuildPhase section */
		7D9407F41BAB848C00BE5505 /* Frameworks */ = {
			isa = PBXFrameworksBuildPhase;
			buildActionMask = 2147483647;
			files = (
			);
			runOnlyForDeploymentPostprocessing = 0;
		};
		7D9408091BAB848D00BE5505 /* Frameworks */ = {
			isa = PBXFrameworksBuildPhase;
			buildActionMask = 2147483647;
			files = (
			);
			runOnlyForDeploymentPostprocessing = 0;
		};
/* End PBXFrameworksBuildPhase section */

/* Begin PBXGroup section */
		7D9407EE1BAB848C00BE5505 = {
			isa = PBXGroup;
			children = (
				7D9407F91BAB848C00BE5505 /* Hello World */,
				7D94080F1BAB848D00BE5505 /* Hello WorldTests */,
				7D9407F81BAB848C00BE5505 /* Products */,
			);
			sourceTree = "<group>";
		};
		7D9407F81BAB848C00BE5505 /* Products */ = {
			isa = PBXGroup;
			children = (
				7D9407F71BAB848C00BE5505 /* Hello World.app */,
				7D94080C1BAB848D00BE5505 /* Hello WorldTests.xctest */,
			);
			name = Products;
			sourceTree = "<group>";
		};
		7D9407F91BAB848C00BE5505 /* Hello World */ = {
			isa = PBXGroup;
			children = (
				7D9407FC1BAB848C00BE5505 /* AppDelegate.swift */,
				7D9407FE1BAB848C00BE5505 /* ViewController.swift */,
				7D9408001BAB848D00BE5505 /* Main.storyboard */,
				7D9408031BAB848D00BE5505 /* Images.xcassets */,
				7D9408051BAB848D00BE5505 /* LaunchScreen.xib */,
				7D9407FA1BAB848C00BE5505 /* Supporting Files */,
			);
			path = "Hello World";
			sourceTree = "<group>";
		};
		7D9407FA1BAB848C00BE5505 /* Supporting Files */ = {
			isa = PBXGroup;
			children = (
				7D9407FB1BAB848C00BE5505 /* Info.plist */,
			);
			name = "Supporting Files";
			sourceTree = "<group>";
		};
		7D94080F1BAB848D00BE5505 /* Hello WorldTests */ = {
			isa = PBXGroup;
			children = (
				7D9408121BAB848D00BE5505 /* Hello_WorldTests.swift */,
				7D9408101BAB848D00BE5505 /* Supporting Files */,
			);
			path = "Hello WorldTests";
			sourceTree = "<group>";
		};
		7D9408101BAB848D00BE5505 /* Supporting Files */ = {
			isa = PBXGroup;
			children = (
				7D9408111BAB848D00BE5505 /* Info.plist */,
			);
			name = "Supporting Files";
			sourceTree = "<group>";
		};
/* End PBXGroup section */

/* Begin PBXNativeTarget section */
		7D9407F61BAB848C00BE5505 /* Hello World */ = {
			isa = PBXNativeTarget;
			buildConfigurationList = 7D9408161BAB848D00BE5505 /* Build configuration list for PBXNativeTarget "Hello World" */;
			buildPhases = (
				7D9407F31BAB848C00BE5505 /* Sources */,
				7D9407F41BAB848C00BE5505 /* Frameworks */,
				7D9407F51BAB848C00BE5505 /* Resources */,
			);
			buildRules = (
			);
			dependencies = (
			);
			name = "Hello World";
			productName = "Hello World";
			productReference = 7D9407F71BAB848C00BE5505 /* Hello World.app */;
			productType = "com.apple.product-type.application";
		};
		7D94080B1BAB848D00BE5505 /* Hello WorldTests */ = {
			isa = PBXNativeTarget;
			buildConfigurationList = 7D9408191BAB848D00BE5505 /* Build configuration list for PBXNativeTarget "Hello WorldTests" */;
			buildPhases = (
				7D9408081BAB848D00BE5505 /* Sources */,
				7D9408091BAB848D00BE5505 /* Frameworks */,
				7D94080A1BAB848D00BE5505 /* Resources */,
			);
			buildRules = (
			);
			dependencies = (
				7D94080E1BAB848D00BE5505 /* PBXTargetDependency */,
			);
			name = "Hello WorldTests";
			productName = "Hello WorldTests";
			productReference = 7D94080C1BAB848D00BE5505 /* Hello WorldTests.xctest */;
			productType = "com.apple.product-type.bundle.unit-test";
		};
/* End PBXNativeTarget section */

/* Begin PBXProject section */
		7D9407EF1BAB848C00BE5505 /* Project object */ = {
			isa = PBXProject;
			attributes = {
				LastUpgradeCheck = 0640;
				ORGANIZATIONNAME = jalbarian;
				TargetAttributes = {
					7D9407F61BAB848C00BE5505 = {
						CreatedOnToolsVersion = 6.4;
					};
					7D94080B1BAB848D00BE5505 = {
						CreatedOnToolsVersion = 6.4;
						TestTargetID = 7D9407F61BAB848C00BE5505;
					};
				};
			};
			buildConfigurationList = 7D9407F21BAB848C00BE5505 /* Build configuration list for PBXProject "Hello World" */;
			compatibilityVersion = "Xcode 3.2";
			developmentRegion = English;
			hasScannedForEncodings = 0;
			knownRegions = (
				en,
				Base,
			);
			mainGroup = 7D9407EE1BAB848C00BE5505;
			productRefGroup = 7D9407F81BAB848C00BE5505 /* Products */;
			projectDirPath = "";
			projectRoot = "";
			targets = (
				7D9407F61BAB848C00BE5505 /* Hello World */,
				7D94080B1BAB848D00BE5505 /* Hello WorldTests */,
			);
		};
/* End PBXProject section */

/* Begin PBXResourcesBuildPhase section */
		7D9407F51BAB848C00BE5505 /* Resources */ = {
			isa = PBXResourcesBuildPhase;
			buildActionMask = 2147483647;
			files = (
				7D9408021BAB848D00BE5505 /* Main.storyboard in Resources */,
				7D9408071BAB848D00BE5505 /* LaunchScreen.xib in Resources */,
				7D9408041BAB848D00BE5505 /* Images.xcassets in Resources */,
			);
			runOnlyForDeploymentPostprocessing = 0;
		};
		7D94080A1BAB848D00BE5505 /* Resources */ = {
			isa = PBXResourcesBuildPhase;
			buildActionMask = 2147483647;
			files = (
			);
			runOnlyForDeploymentPostprocessing = 0;
		};
/* End PBXResourcesBuildPhase section */

/* Begin PBXSourcesBuildPhase section */
		7D9407F31BAB848C00BE5505 /* Sources */ = {
			isa = PBXSourcesBuildPhase;
			buildActionMask = 2147483647;
			files = (
				7D9407FF1BAB848C00BE5505 /* ViewController.swift in Sources */,
				7D9407FD1BAB848C00BE5505 /* AppDelegate.swift in Sources */,
			);
			runOnlyForDeploymentPostprocessing = 0;
		};
		7D9408081BAB848D00BE5505 /* Sources */ = {
			isa = PBXSourcesBuildPhase;
			buildActionMask = 2147483647;
			files = (
				7D9408131BAB848D00BE5505 /* Hello_WorldTests.swift in Sources */,
			);
			runOnlyForDeploymentPostprocessing = 0;
		};
/* End PBXSourcesBuildPhase section */

/* Begin PBXTargetDependency section */
		7D94080E1BAB848D00BE5505 /* PBXTargetDependency */ = {
			isa = PBXTargetDependency;
			target = 7D9407F61BAB848C00BE5505 /* Hello World */;
			targetProxy = 7D94080D1BAB848D00BE5505 /* PBXContainerItemProxy */;
		};
/* End PBXTargetDependency section */

/* Begin PBXVariantGroup section */
		7D9408001BAB848D00BE5505 /* Main.storyboard */ = {
			isa = PBXVariantGroup;
			children = (
				7D9408011BAB848D00BE5505 /* Base */,
			);
			name = Main.storyboard;
			sourceTree = "<group>";
		};
		7D9408051BAB848D00BE5505 /* LaunchScreen.xib */ = {
			isa = PBXVariantGroup;
			children = (
				7D9408061BAB848D00BE5505 /* Base */,
			);
			name = LaunchScreen.xib;
			sourceTree = "<group>";
		};
/* End PBXVariantGroup section */

/* Begin XCBuildConfiguration section */
		7D9408141BAB848D00BE5505 /* Debug */ = {
			isa = XCBuildConfiguration;
			buildSettings = {
				ALWAYS_SEARCH_USER_PATHS = NO;
				CLANG_CXX_LANGUAGE_STANDARD = "gnu++0x";
				CLANG_CXX_LIBRARY = "libc++";
				CLANG_ENABLE_MODULES = YES;
				CLANG_ENABLE_OBJC_ARC = YES;
				CLANG_WARN_BOOL_CONVERSION = YES;
				CLANG_WARN_CONSTANT_CONVERSION = YES;
				CLANG_WARN_DIRECT_OBJC_ISA_USAGE = YES_ERROR;
				CLANG_WARN_EMPTY_BODY = YES;
				CLANG_WARN_ENUM_CONVERSION = YES;
				CLANG_WARN_INT_CONVERSION = YES;
				CLANG_WARN_OBJC_ROOT_CLASS = YES_ERROR;
				CLANG_WARN_UNREACHABLE_CODE = YES;
				CLANG_WARN__DUPLICATE_METHOD_MATCH = YES;
				"CODE_SIGN_IDENTITY[sdk=iphoneos*]" = "iPhone Developer";
				COPY_PHASE_STRIP = NO;
				DEBUG_INFORMATION_FORMAT = "dwarf-with-dsym";
				ENABLE_STRICT_OBJC_MSGSEND = YES;
				GCC_C_LANGUAGE_STANDARD = gnu99;
				GCC_DYNAMIC_NO_PIC = NO;
				GCC_NO_COMMON_BLOCKS = YES;
				GCC_OPTIMIZATION_LEVEL = 0;
				GCC_PREPROCESSOR_DEFINITIONS = (
					"DEBUG=1",
					"$(inherited)",
				);
				GCC_SYMBOLS_PRIVATE_EXTERN = NO;
				GCC_WARN_64_TO_32_BIT_CONVERSION = YES;
				GCC_WARN_ABOUT_RETURN_TYPE = YES_ERROR;
				GCC_WARN_UNDECLARED_SELECTOR = YES;
				GCC_WARN_UNINITIALIZED_AUTOS = YES_AGGRESSIVE;
				GCC_WARN_UNUSED_FUNCTION = YES;
				GCC_WARN_UNUSED_VARIABLE = YES;
				IPHONEOS_DEPLOYMENT_TARGET = 8.4;
				MTL_ENABLE_DEBUG_INFO = YES;
				ONLY_ACTIVE_ARCH = YES;
				SDKROOT = iphoneos;
				SWIFT_OPTIMIZATION_LEVEL = "-Onone";
			};
			name = Debug;
		};
		7D9408151BAB848D00BE5505 /* Release */ = {
			isa = XCBuildConfiguration;
			buildSettings = {
				ALWAYS_SEARCH_USER_PATHS = NO;
				CLANG_CXX_LANGUAGE_STANDARD = "gnu++0x";
				CLANG_CXX_LIBRARY = "libc++";
				CLANG_ENABLE_MODULES = YES;
				CLANG_ENABLE_OBJC_ARC = YES;
				CLANG_WARN_BOOL_CONVERSION = YES;
				CLANG_WARN_CONSTANT_CONVERSION = YES;
				CLANG_WARN_DIRECT_OBJC_ISA_USAGE = YES_ERROR;
				CLANG_WARN_EMPTY_BODY = YES;
				CLANG_WARN_ENUM_CONVERSION = YES;
				CLANG_WARN_INT_CONVERSION = YES;
				CLANG_WARN_OBJC_ROOT_CLASS = YES_ERROR;
				CLANG_WARN_UNREACHABLE_CODE = YES;
				CLANG_WARN__DUPLICATE_METHOD_MATCH = YES;
				"CODE_SIGN_IDENTITY[sdk=iphoneos*]" = "iPhone Developer";
				COPY_PHASE_STRIP = NO;
				DEBUG_INFORMATION_FORMAT = "dwarf-with-dsym";
				ENABLE_NS_ASSERTIONS = NO;
				ENABLE_STRICT_OBJC_MSGSEND = YES;
				GCC_C_LANGUAGE_STANDARD = gnu99;
				GCC_NO_COMMON_BLOCKS = YES;
				GCC_WARN_64_TO_32_BIT_CONVERSION = YES;
				GCC_WARN_ABOUT_RETURN_TYPE = YES_ERROR;
				GCC_WARN_UNDECLARED_SELECTOR = YES;
				GCC_WARN_UNINITIALIZED_AUTOS = YES_AGGRESSIVE;
				GCC_WARN_UNUSED_FUNCTION = YES;
				GCC_WARN_UNUSED_VARIABLE = YES;
				IPHONEOS_DEPLOYMENT_TARGET = 8.4;
				MTL_ENABLE_DEBUG_INFO = NO;
				SDKROOT = iphoneos;
				VALIDATE_PRODUCT = YES;
			};
			name = Release;
		};
		7D9408171BAB848D00BE5505 /* Debug */ = {
			isa = XCBuildConfiguration;
			buildSettings = {
				ASSETCATALOG_COMPILER_APPICON_NAME = AppIcon;
				INFOPLIST_FILE = "Hello World/Info.plist";
				LD_RUNPATH_SEARCH_PATHS = "$(inherited) @executable_path/Frameworks";
				PRODUCT_NAME = "$(TARGET_NAME)";
			};
			name = Debug;
		};
		7D9408181BAB848D00BE5505 /* Release */ = {
			isa = XCBuildConfiguration;
			buildSettings = {
				ASSETCATALOG_COMPILER_APPICON_NAME = AppIcon;
				INFOPLIST_FILE = "Hello World/Info.plist";
				LD_RUNPATH_SEARCH_PATHS = "$(inherited) @executable_path/Frameworks";
				PRODUCT_NAME = "$(TARGET_NAME)";
			};
			name = Release;
		};
		7D94081A1BAB848D00BE5505 /* Debug */ = {
			isa = XCBuildConfiguration;
			buildSettings = {
				BUNDLE_LOADER = "$(TEST_HOST)";
				FRAMEWORK_SEARCH_PATHS = (
					"$(SDKROOT)/Developer/Library/Frameworks",
					"$(inherited)",
				);
				GCC_PREPROCESSOR_DEFINITIONS = (
					"DEBUG=1",
					"$(inherited)",
				);
				INFOPLIST_FILE = "Hello WorldTests/Info.plist";
				LD_RUNPATH_SEARCH_PATHS = "$(inherited) @executable_path/Frameworks @loader_path/Frameworks";
				PRODUCT_NAME = "$(TARGET_NAME)";
				TEST_HOST = "$(BUILT_PRODUCTS_DIR)/Hello World.app/Hello World";
			};
			name = Debug;
		};
		7D94081B1BAB848D00BE5505 /* Release */ = {
			isa = XCBuildConfiguration;
			buildSettings = {
				BUNDLE_LOADER = "$(TEST_HOST)";
				FRAMEWORK_SEARCH_PATHS = (
					"$(SDKROOT)/Developer/Library/Frameworks",
					"$(inherited)",
				);
				INFOPLIST_FILE = "Hello WorldTests/Info.plist";
				LD_RUNPATH_SEARCH_PATHS = "$(inherited) @executable_path/Frameworks @loader_path/Frameworks";
				PRODUCT_NAME = "$(TARGET_NAME)";
				TEST_HOST = "$(BUILT_PRODUCTS_DIR)/Hello World.app/Hello World";
			};
			name = Release;
		};
/* End XCBuildConfiguration section */

/* Begin XCConfigurationList section */
		7D9407F21BAB848C00BE5505 /* Build configuration list for PBXProject "Hello World" */ = {
			isa = XCConfigurationList;
			buildConfigurations = (
				7D9408141BAB848D00BE5505 /* Debug */,
				7D9408151BAB848D00BE5505 /* Release */,
			);
			defaultConfigurationIsVisible = 0;
			defaultConfigurationName = Release;
		};
		7D9408161BAB848D00BE5505 /* Build configuration list for PBXNativeTarget "Hello World" */ = {
			isa = XCConfigurationList;
			buildConfigurations = (
				7D9408171BAB848D00BE5505 /* Debug */,
				7D9408181BAB848D00BE5505 /* Release */,
			);
			defaultConfigurationIsVisible = 0;
		};
		7D9408191BAB848D00BE5505 /* Build configuration list for PBXNativeTarget "Hello WorldTests" */ = {
			isa = XCConfigurationList;
			buildConfigurations = (
				7D94081A1BAB848D00BE5505 /* Debug */,
				7D94081B1BAB848D00BE5505 /* Release */,
			);
			defaultConfigurationIsVisible = 0;
		};
/* End XCConfigurationList section */
	};
	rootObject = 7D9407EF1BAB848C00BE5505 /* Project object */;
}
